
Microsoft Visual Studio Solution File, Format Version 12.00
# Visual Studio Version 17
VisualStudioVersion = 17.8.34322.80
MinimumVisualStudioVersion = 10.0.40219.1
Project("{FAE04EC0-301F-11D3-BF4B-00C04F79EFBC}") = "GraphQL.Sample", "GraphQL.Sample\GraphQL.Sample.csproj", "{B4D89BB6-61AA-49A3-A3C1-6BEA8A033C36}"
EndProject
Global
	GlobalSection(SolutionConfigurationPlatforms) = preSolution
		Debug|Any CPU = Debug|Any CPU
		Release|Any CPU = Release|Any CPU
	EndGlobalSection
	GlobalSection(ProjectConfigurationPlatforms) = postSolution
		{B4D89BB6-61AA-49A3-A3C1-6BEA8A033C36}.Debug|Any CPU.ActiveCfg = Debug|Any CPU
		{B4D89BB6-61AA-49A3-A3C1-6BEA8A033C36}.Debug|Any CPU.Build.0 = Debug|Any CPU
		{B4D89BB6-61AA-49A3-A3C1-6BEA8A033C36}.Release|Any CPU.ActiveCfg = Release|Any CPU
		{B4D89BB6-61AA-49A3-A3C1-6BEA8A033C36}.Release|Any CPU.Build.0 = Release|Any CPU
	EndGlobalSection
	GlobalSection(SolutionProperties) = preSolution
		HideSolutionNode = FALSE
	EndGlobalSection
	GlobalSection(ExtensibilityGlobals) = postSolution
		SolutionGuid = {A251CA46-95F2-49FA-9B7B-D9DE894BAAB5}
	EndGlobalSection
EndGlobal
